
Microsoft Visual Studio Solution File, Format Version 12.00
# Visual Studio 15
VisualStudioVersion = 15.0.28010.2026
MinimumVisualStudioVersion = 10.0.40219.1
Project("{FAE04EC0-301F-11D3-BF4B-00C04F79EFBC}") = "COMP123-S19-Assignment 5", "COMP123-S19-Assignment 5\COMP123-S19-Assignment 5.csproj", "{45B388A2-851A-4F7A-8567-1C80FBDC521A}"
EndProject
Global
	GlobalSection(SolutionConfigurationPlatforms) = preSolution
		Debug|Any CPU = Debug|Any CPU
		Release|Any CPU = Release|Any CPU
	EndGlobalSection
	GlobalSection(ProjectConfigurationPlatforms) = postSolution
		{45B388A2-851A-4F7A-8567-1C80FBDC521A}.Debug|Any CPU.ActiveCfg = Debug|Any CPU
		{45B388A2-851A-4F7A-8567-1C80FBDC521A}.Debug|Any CPU.Build.0 = Debug|Any CPU
		{45B388A2-851A-4F7A-8567-1C80FBDC521A}.Release|Any CPU.ActiveCfg = Release|Any CPU
		{45B388A2-851A-4F7A-8567-1C80FBDC521A}.Release|Any CPU.Build.0 = Release|Any CPU
	EndGlobalSection
	GlobalSection(SolutionProperties) = preSolution
		HideSolutionNode = FALSE
	EndGlobalSection
	GlobalSection(ExtensibilityGlobals) = postSolution
		SolutionGuid = {39303FB1-2ED0-4ABA-8B98-EECF05DE681C}
	EndGlobalSection
EndGlobal
